
Microsoft Visual Studio Solution File, Format Version 12.00
# Visual Studio Version 16
VisualStudioVersion = 16.0.32428.217
MinimumVisualStudioVersion = 10.0.40219.1
Project("{FAE04EC0-301F-11D3-BF4B-00C04F79EFBC}") = "day19_01", "day19_01\day19_01.csproj", "{1B54B5E7-CAB6-4735-B7F8-C5D895A8D05A}"
EndProject
Global
	GlobalSection(SolutionConfigurationPlatforms) = preSolution
		Debug|Any CPU = Debug|Any CPU
		Release|Any CPU = Release|Any CPU
	EndGlobalSection
	GlobalSection(ProjectConfigurationPlatforms) = postSolution
		{1B54B5E7-CAB6-4735-B7F8-C5D895A8D05A}.Debug|Any CPU.ActiveCfg = Debug|Any CPU
		{1B54B5E7-CAB6-4735-B7F8-C5D895A8D05A}.Debug|Any CPU.Build.0 = Debug|Any CPU
		{1B54B5E7-CAB6-4735-B7F8-C5D895A8D05A}.Release|Any CPU.ActiveCfg = Release|Any CPU
		{1B54B5E7-CAB6-4735-B7F8-C5D895A8D05A}.Release|Any CPU.Build.0 = Release|Any CPU
	EndGlobalSection
	GlobalSection(SolutionProperties) = preSolution
		HideSolutionNode = FALSE
	EndGlobalSection
	GlobalSection(ExtensibilityGlobals) = postSolution
		SolutionGuid = {C13FA3DC-EFD9-4C22-BB5A-E63BA11BEF03}
	EndGlobalSection
EndGlobal
